
Microsoft Visual Studio Solution File, Format Version 12.00
# Visual Studio Version 17
VisualStudioVersion = 17.1.32210.238
MinimumVisualStudioVersion = 10.0.40219.1
Project("{9A19103F-16F7-4668-BE54-9A1E7A4F7556}") = "AwWidgetsCore", "AwWidgetsCore\AwWidgetsCore.csproj", "{41F30605-7C5E-473B-871B-C9C6ACECF8A1}"
EndProject
Project("{9A19103F-16F7-4668-BE54-9A1E7A4F7556}") = "AwWidgetsCoreManualTesting", "AwCoreTesting\AwWidgetsCoreManualTesting.csproj", "{A3036D29-8F36-4E27-ACE5-9515E4064ED8}"
EndProject
Project("{9A19103F-16F7-4668-BE54-9A1E7A4F7556}") = "AwWidgetsControls", "AwWidgetsControls\AwWidgetsControls.csproj", "{132C7F98-40B1-46D6-91DB-8A7378F8B766}"
EndProject
Project("{9A19103F-16F7-4668-BE54-9A1E7A4F7556}") = "AwWidgetsDemoApp", "AwWidgetsDemoApp\AwWidgetsDemoApp.csproj", "{C22B1EBD-38FD-402C-AD96-BFBD22414979}"
EndProject
Project("{9A19103F-16F7-4668-BE54-9A1E7A4F7556}") = "AwWidgetsControlsManualTesting", "AwWidgetsControlsManualTesting\AwWidgetsControlsManualTesting.csproj", "{47526657-06C0-461A-91A7-B97337AC91E1}"
EndProject
Project("{FAE04EC0-301F-11D3-BF4B-00C04F79EFBC}") = "AwWidgetsCoreUnitTesting", "AwWidgetsCoreUnitTesting\AwWidgetsCoreUnitTesting.csproj", "{C5E06C69-BB92-40FD-AB2C-8A8FBF1FC8EA}"
EndProject
Global
	GlobalSection(SolutionConfigurationPlatforms) = preSolution
		Debug|Any CPU = Debug|Any CPU
		Release|Any CPU = Release|Any CPU
	EndGlobalSection
	GlobalSection(ProjectConfigurationPlatforms) = postSolution
		{41F30605-7C5E-473B-871B-C9C6ACECF8A1}.Debug|Any CPU.ActiveCfg = Debug|Any CPU
		{41F30605-7C5E-473B-871B-C9C6ACECF8A1}.Debug|Any CPU.Build.0 = Debug|Any CPU
		{41F30605-7C5E-473B-871B-C9C6ACECF8A1}.Release|Any CPU.ActiveCfg = Release|Any CPU
		{41F30605-7C5E-473B-871B-C9C6ACECF8A1}.Release|Any CPU.Build.0 = Release|Any CPU
		{A3036D29-8F36-4E27-ACE5-9515E4064ED8}.Debug|Any CPU.ActiveCfg = Debug|Any CPU
		{A3036D29-8F36-4E27-ACE5-9515E4064ED8}.Debug|Any CPU.Build.0 = Debug|Any CPU
		{A3036D29-8F36-4E27-ACE5-9515E4064ED8}.Release|Any CPU.ActiveCfg = Release|Any CPU
		{A3036D29-8F36-4E27-ACE5-9515E4064ED8}.Release|Any CPU.Build.0 = Release|Any CPU
		{132C7F98-40B1-46D6-91DB-8A7378F8B766}.Debug|Any CPU.ActiveCfg = Debug|Any CPU
		{132C7F98-40B1-46D6-91DB-8A7378F8B766}.Debug|Any CPU.Build.0 = Debug|Any CPU
		{132C7F98-40B1-46D6-91DB-8A7378F8B766}.Release|Any CPU.ActiveCfg = Release|Any CPU
		{132C7F98-40B1-46D6-91DB-8A7378F8B766}.Release|Any CPU.Build.0 = Release|Any CPU
		{C22B1EBD-38FD-402C-AD96-BFBD22414979}.Debug|Any CPU.ActiveCfg = Debug|Any CPU
		{C22B1EBD-38FD-402C-AD96-BFBD22414979}.Debug|Any CPU.Build.0 = Debug|Any CPU
		{C22B1EBD-38FD-402C-AD96-BFBD22414979}.Release|Any CPU.ActiveCfg = Release|Any CPU
		{C22B1EBD-38FD-402C-AD96-BFBD22414979}.Release|Any CPU.Build.0 = Release|Any CPU
		{47526657-06C0-461A-91A7-B97337AC91E1}.Debug|Any CPU.ActiveCfg = Debug|Any CPU
		{47526657-06C0-461A-91A7-B97337AC91E1}.Debug|Any CPU.Build.0 = Debug|Any CPU
		{47526657-06C0-461A-91A7-B97337AC91E1}.Release|Any CPU.ActiveCfg = Release|Any CPU
		{47526657-06C0-461A-91A7-B97337AC91E1}.Release|Any CPU.Build.0 = Release|Any CPU
		{C5E06C69-BB92-40FD-AB2C-8A8FBF1FC8EA}.Debug|Any CPU.ActiveCfg = Debug|Any CPU
		{C5E06C69-BB92-40FD-AB2C-8A8FBF1FC8EA}.Debug|Any CPU.Build.0 = Debug|Any CPU
		{C5E06C69-BB92-40FD-AB2C-8A8FBF1FC8EA}.Release|Any CPU.ActiveCfg = Release|Any CPU
		{C5E06C69-BB92-40FD-AB2C-8A8FBF1FC8EA}.Release|Any CPU.Build.0 = Release|Any CPU
	EndGlobalSection
	GlobalSection(SolutionProperties) = preSolution
		HideSolutionNode = FALSE
	EndGlobalSection
	GlobalSection(ExtensibilityGlobals) = postSolution
		SolutionGuid = {855CACC0-4C74-4364-BE0E-3EDC4C98DD61}
	EndGlobalSection
EndGlobal
